
Microsoft Visual Studio Solution File, Format Version 12.00
# Visual Studio Version 17
VisualStudioVersion = 17.1.32228.430
MinimumVisualStudioVersion = 10.0.40219.1
Project("{FAE04EC0-301F-11D3-BF4B-00C04F79EFBC}") = "MultiplicationTableExample", "MultiplicationTableExample\MultiplicationTableExample.csproj", "{1429AB5C-9C67-407B-940A-2F7E271D679C}"
EndProject
Project("{FAE04EC0-301F-11D3-BF4B-00C04F79EFBC}") = "SwitchExample", "SwitchExample\SwitchExample.csproj", "{38F5FBA7-7D8A-401A-9E52-F1AD075AE680}"
EndProject
Global
	GlobalSection(SolutionConfigurationPlatforms) = preSolution
		Debug|Any CPU = Debug|Any CPU
		Release|Any CPU = Release|Any CPU
	EndGlobalSection
	GlobalSection(ProjectConfigurationPlatforms) = postSolution
		{1429AB5C-9C67-407B-940A-2F7E271D679C}.Debug|Any CPU.ActiveCfg = Debug|Any CPU
		{1429AB5C-9C67-407B-940A-2F7E271D679C}.Debug|Any CPU.Build.0 = Debug|Any CPU
		{1429AB5C-9C67-407B-940A-2F7E271D679C}.Release|Any CPU.ActiveCfg = Release|Any CPU
		{1429AB5C-9C67-407B-940A-2F7E271D679C}.Release|Any CPU.Build.0 = Release|Any CPU
		{38F5FBA7-7D8A-401A-9E52-F1AD075AE680}.Debug|Any CPU.ActiveCfg = Debug|Any CPU
		{38F5FBA7-7D8A-401A-9E52-F1AD075AE680}.Debug|Any CPU.Build.0 = Debug|Any CPU
		{38F5FBA7-7D8A-401A-9E52-F1AD075AE680}.Release|Any CPU.ActiveCfg = Release|Any CPU
		{38F5FBA7-7D8A-401A-9E52-F1AD075AE680}.Release|Any CPU.Build.0 = Release|Any CPU
	EndGlobalSection
	GlobalSection(SolutionProperties) = preSolution
		HideSolutionNode = FALSE
	EndGlobalSection
	GlobalSection(ExtensibilityGlobals) = postSolution
		SolutionGuid = {8C90DA30-6177-40FE-8BA0-B2689D6700CE}
	EndGlobalSection
EndGlobal
